
Microsoft Visual Studio Solution File, Format Version 12.00
# Visual Studio Version 17
VisualStudioVersion = 17.8.34408.163
MinimumVisualStudioVersion = 10.0.40219.1
Project("{9A19103F-16F7-4668-BE54-9A1E7A4F7556}") = "Domain", "Domain\Domain.csproj", "{75DC9D72-2351-481D-A7B9-71E55D5B87A7}"
EndProject
Project("{9A19103F-16F7-4668-BE54-9A1E7A4F7556}") = "Application", "Application\Application.csproj", "{664BCE72-A916-4DDC-AA96-D85732143CC3}"
EndProject
Project("{2150E333-8FDC-42A3-9474-1A3956D46DE8}") = "Core", "Core", "{A6B82022-97EF-4780-B43B-DF156F75973E}"
EndProject
Project("{2150E333-8FDC-42A3-9474-1A3956D46DE8}") = "External", "External", "{30597FD4-D276-4439-887C-87692B58A23E}"
EndProject
Project("{2150E333-8FDC-42A3-9474-1A3956D46DE8}") = "src", "src", "{D4A649C8-2282-41EC-AF77-2225693B1084}"
EndProject
Project("{2150E333-8FDC-42A3-9474-1A3956D46DE8}") = "test", "test", "{FF051AA3-046B-4680-8EB9-4FFFCE6F4573}"
EndProject
Project("{9A19103F-16F7-4668-BE54-9A1E7A4F7556}") = "Architecture.Tests", "Architecture.Tests\Architecture.Tests.csproj", "{92E6B730-C394-4735-AABA-8A9F1607BEEF}"
EndProject
Project("{9A19103F-16F7-4668-BE54-9A1E7A4F7556}") = "Presentation", "Presentation\Presentation.csproj", "{477046A5-A957-41D2-ABA6-5931B87EE9E4}"
EndProject
Project("{9A19103F-16F7-4668-BE54-9A1E7A4F7556}") = "Persistence", "Persistence\Persistence.csproj", "{282BCF8C-D8F3-4149-B616-73DBF97C2C89}"
EndProject
Project("{9A19103F-16F7-4668-BE54-9A1E7A4F7556}") = "Infrastructure", "Infrastructure\Infrastructure.csproj", "{ABDEB17B-E8BC-4087-A599-405815DBD1D9}"
EndProject
Project("{9A19103F-16F7-4668-BE54-9A1E7A4F7556}") = "Application.UnitTests", "Application.Tests\Application.UnitTests.csproj", "{E4DE1433-7041-4DCC-B34B-994619415D9E}"
EndProject
Project("{9A19103F-16F7-4668-BE54-9A1E7A4F7556}") = "APIs", "APIs\APIs.csproj", "{9FF6D841-5309-468E-B5CC-FD469ECDC477}"
EndProject
Global
	GlobalSection(SolutionConfigurationPlatforms) = preSolution
		Debug|Any CPU = Debug|Any CPU
		Debug|ARM64 = Debug|ARM64
		Debug|x86 = Debug|x86
		detest|Any CPU = detest|Any CPU
		detest|ARM64 = detest|ARM64
		detest|x86 = detest|x86
		Release|Any CPU = Release|Any CPU
		Release|ARM64 = Release|ARM64
		Release|x86 = Release|x86
	EndGlobalSection
	GlobalSection(ProjectConfigurationPlatforms) = postSolution
		{75DC9D72-2351-481D-A7B9-71E55D5B87A7}.Debug|Any CPU.ActiveCfg = Debug|Any CPU
		{75DC9D72-2351-481D-A7B9-71E55D5B87A7}.Debug|Any CPU.Build.0 = Debug|Any CPU
		{75DC9D72-2351-481D-A7B9-71E55D5B87A7}.Debug|ARM64.ActiveCfg = Debug|Any CPU
		{75DC9D72-2351-481D-A7B9-71E55D5B87A7}.Debug|ARM64.Build.0 = Debug|Any CPU
		{75DC9D72-2351-481D-A7B9-71E55D5B87A7}.Debug|x86.ActiveCfg = Debug|Any CPU
		{75DC9D72-2351-481D-A7B9-71E55D5B87A7}.Debug|x86.Build.0 = Debug|Any CPU
		{75DC9D72-2351-481D-A7B9-71E55D5B87A7}.detest|Any CPU.ActiveCfg = Debug|Any CPU
		{75DC9D72-2351-481D-A7B9-71E55D5B87A7}.detest|Any CPU.Build.0 = Debug|Any CPU
		{75DC9D72-2351-481D-A7B9-71E55D5B87A7}.detest|ARM64.ActiveCfg = Debug|Any CPU
		{75DC9D72-2351-481D-A7B9-71E55D5B87A7}.detest|ARM64.Build.0 = Debug|Any CPU
		{75DC9D72-2351-481D-A7B9-71E55D5B87A7}.detest|x86.ActiveCfg = Debug|Any CPU
		{75DC9D72-2351-481D-A7B9-71E55D5B87A7}.detest|x86.Build.0 = Debug|Any CPU
		{75DC9D72-2351-481D-A7B9-71E55D5B87A7}.Release|Any CPU.ActiveCfg = Release|Any CPU
		{75DC9D72-2351-481D-A7B9-71E55D5B87A7}.Release|Any CPU.Build.0 = Release|Any CPU
		{75DC9D72-2351-481D-A7B9-71E55D5B87A7}.Release|ARM64.ActiveCfg = Release|Any CPU
		{75DC9D72-2351-481D-A7B9-71E55D5B87A7}.Release|ARM64.Build.0 = Release|Any CPU
		{75DC9D72-2351-481D-A7B9-71E55D5B87A7}.Release|x86.ActiveCfg = Release|Any CPU
		{75DC9D72-2351-481D-A7B9-71E55D5B87A7}.Release|x86.Build.0 = Release|Any CPU
		{664BCE72-A916-4DDC-AA96-D85732143CC3}.Debug|Any CPU.ActiveCfg = Debug|Any CPU
		{664BCE72-A916-4DDC-AA96-D85732143CC3}.Debug|Any CPU.Build.0 = Debug|Any CPU
		{664BCE72-A916-4DDC-AA96-D85732143CC3}.Debug|ARM64.ActiveCfg = Debug|Any CPU
		{664BCE72-A916-4DDC-AA96-D85732143CC3}.Debug|ARM64.Build.0 = Debug|Any CPU
		{664BCE72-A916-4DDC-AA96-D85732143CC3}.Debug|x86.ActiveCfg = Debug|Any CPU
		{664BCE72-A916-4DDC-AA96-D85732143CC3}.Debug|x86.Build.0 = Debug|Any CPU
		{664BCE72-A916-4DDC-AA96-D85732143CC3}.detest|Any CPU.ActiveCfg = Debug|Any CPU
		{664BCE72-A916-4DDC-AA96-D85732143CC3}.detest|Any CPU.Build.0 = Debug|Any CPU
		{664BCE72-A916-4DDC-AA96-D85732143CC3}.detest|ARM64.ActiveCfg = Debug|Any CPU
		{664BCE72-A916-4DDC-AA96-D85732143CC3}.detest|ARM64.Build.0 = Debug|Any CPU
		{664BCE72-A916-4DDC-AA96-D85732143CC3}.detest|x86.ActiveCfg = Debug|Any CPU
		{664BCE72-A916-4DDC-AA96-D85732143CC3}.detest|x86.Build.0 = Debug|Any CPU
		{664BCE72-A916-4DDC-AA96-D85732143CC3}.Release|Any CPU.ActiveCfg = Release|Any CPU
		{664BCE72-A916-4DDC-AA96-D85732143CC3}.Release|Any CPU.Build.0 = Release|Any CPU
		{664BCE72-A916-4DDC-AA96-D85732143CC3}.Release|ARM64.ActiveCfg = Release|Any CPU
		{664BCE72-A916-4DDC-AA96-D85732143CC3}.Release|ARM64.Build.0 = Release|Any CPU
		{664BCE72-A916-4DDC-AA96-D85732143CC3}.Release|x86.ActiveCfg = Release|Any CPU
		{664BCE72-A916-4DDC-AA96-D85732143CC3}.Release|x86.Build.0 = Release|Any CPU
		{92E6B730-C394-4735-AABA-8A9F1607BEEF}.Debug|Any CPU.ActiveCfg = Debug|Any CPU
		{92E6B730-C394-4735-AABA-8A9F1607BEEF}.Debug|Any CPU.Build.0 = Debug|Any CPU
		{92E6B730-C394-4735-AABA-8A9F1607BEEF}.Debug|ARM64.ActiveCfg = Debug|Any CPU
		{92E6B730-C394-4735-AABA-8A9F1607BEEF}.Debug|ARM64.Build.0 = Debug|Any CPU
		{92E6B730-C394-4735-AABA-8A9F1607BEEF}.Debug|x86.ActiveCfg = Debug|Any CPU
		{92E6B730-C394-4735-AABA-8A9F1607BEEF}.Debug|x86.Build.0 = Debug|Any CPU
		{92E6B730-C394-4735-AABA-8A9F1607BEEF}.detest|Any CPU.ActiveCfg = Debug|Any CPU
		{92E6B730-C394-4735-AABA-8A9F1607BEEF}.detest|Any CPU.Build.0 = Debug|Any CPU
		{92E6B730-C394-4735-AABA-8A9F1607BEEF}.detest|ARM64.ActiveCfg = Debug|Any CPU
		{92E6B730-C394-4735-AABA-8A9F1607BEEF}.detest|ARM64.Build.0 = Debug|Any CPU
		{92E6B730-C394-4735-AABA-8A9F1607BEEF}.detest|x86.ActiveCfg = Debug|Any CPU
		{92E6B730-C394-4735-AABA-8A9F1607BEEF}.detest|x86.Build.0 = Debug|Any CPU
		{92E6B730-C394-4735-AABA-8A9F1607BEEF}.Release|Any CPU.ActiveCfg = Release|Any CPU
		{92E6B730-C394-4735-AABA-8A9F1607BEEF}.Release|Any CPU.Build.0 = Release|Any CPU
		{92E6B730-C394-4735-AABA-8A9F1607BEEF}.Release|ARM64.ActiveCfg = Release|Any CPU
		{92E6B730-C394-4735-AABA-8A9F1607BEEF}.Release|ARM64.Build.0 = Release|Any CPU
		{92E6B730-C394-4735-AABA-8A9F1607BEEF}.Release|x86.ActiveCfg = Release|Any CPU
		{92E6B730-C394-4735-AABA-8A9F1607BEEF}.Release|x86.Build.0 = Release|Any CPU
		{477046A5-A957-41D2-ABA6-5931B87EE9E4}.Debug|Any CPU.ActiveCfg = Debug|Any CPU
		{477046A5-A957-41D2-ABA6-5931B87EE9E4}.Debug|Any CPU.Build.0 = Debug|Any CPU
		{477046A5-A957-41D2-ABA6-5931B87EE9E4}.Debug|ARM64.ActiveCfg = Debug|Any CPU
		{477046A5-A957-41D2-ABA6-5931B87EE9E4}.Debug|ARM64.Build.0 = Debug|Any CPU
		{477046A5-A957-41D2-ABA6-5931B87EE9E4}.Debug|x86.ActiveCfg = Debug|Any CPU
		{477046A5-A957-41D2-ABA6-5931B87EE9E4}.Debug|x86.Build.0 = Debug|Any CPU
		{477046A5-A957-41D2-ABA6-5931B87EE9E4}.detest|Any CPU.ActiveCfg = Debug|Any CPU
		{477046A5-A957-41D2-ABA6-5931B87EE9E4}.detest|Any CPU.Build.0 = Debug|Any CPU
		{477046A5-A957-41D2-ABA6-5931B87EE9E4}.detest|ARM64.ActiveCfg = Debug|Any CPU
		{477046A5-A957-41D2-ABA6-5931B87EE9E4}.detest|ARM64.Build.0 = Debug|Any CPU
		{477046A5-A957-41D2-ABA6-5931B87EE9E4}.detest|x86.ActiveCfg = Debug|Any CPU
		{477046A5-A957-41D2-ABA6-5931B87EE9E4}.detest|x86.Build.0 = Debug|Any CPU
		{477046A5-A957-41D2-ABA6-5931B87EE9E4}.Release|Any CPU.ActiveCfg = Release|Any CPU
		{477046A5-A957-41D2-ABA6-5931B87EE9E4}.Release|Any CPU.Build.0 = Release|Any CPU
		{477046A5-A957-41D2-ABA6-5931B87EE9E4}.Release|ARM64.ActiveCfg = Release|Any CPU
		{477046A5-A957-41D2-ABA6-5931B87EE9E4}.Release|ARM64.Build.0 = Release|Any CPU
		{477046A5-A957-41D2-ABA6-5931B87EE9E4}.Release|x86.ActiveCfg = Release|Any CPU
		{477046A5-A957-41D2-ABA6-5931B87EE9E4}.Release|x86.Build.0 = Release|Any CPU
		{282BCF8C-D8F3-4149-B616-73DBF97C2C89}.Debug|Any CPU.ActiveCfg = Debug|Any CPU
		{282BCF8C-D8F3-4149-B616-73DBF97C2C89}.Debug|Any CPU.Build.0 = Debug|Any CPU
		{282BCF8C-D8F3-4149-B616-73DBF97C2C89}.Debug|ARM64.ActiveCfg = Debug|Any CPU
		{282BCF8C-D8F3-4149-B616-73DBF97C2C89}.Debug|ARM64.Build.0 = Debug|Any CPU
		{282BCF8C-D8F3-4149-B616-73DBF97C2C89}.Debug|x86.ActiveCfg = Debug|Any CPU
		{282BCF8C-D8F3-4149-B616-73DBF97C2C89}.Debug|x86.Build.0 = Debug|Any CPU
		{282BCF8C-D8F3-4149-B616-73DBF97C2C89}.detest|Any CPU.ActiveCfg = Debug|Any CPU
		{282BCF8C-D8F3-4149-B616-73DBF97C2C89}.detest|Any CPU.Build.0 = Debug|Any CPU
		{282BCF8C-D8F3-4149-B616-73DBF97C2C89}.detest|ARM64.ActiveCfg = Debug|Any CPU
		{282BCF8C-D8F3-4149-B616-73DBF97C2C89}.detest|ARM64.Build.0 = Debug|Any CPU
		{282BCF8C-D8F3-4149-B616-73DBF97C2C89}.detest|x86.ActiveCfg = Debug|Any CPU
		{282BCF8C-D8F3-4149-B616-73DBF97C2C89}.detest|x86.Build.0 = Debug|Any CPU
		{282BCF8C-D8F3-4149-B616-73DBF97C2C89}.Release|Any CPU.ActiveCfg = Release|Any CPU
		{282BCF8C-D8F3-4149-B616-73DBF97C2C89}.Release|Any CPU.Build.0 = Release|Any CPU
		{282BCF8C-D8F3-4149-B616-73DBF97C2C89}.Release|ARM64.ActiveCfg = Release|Any CPU
		{282BCF8C-D8F3-4149-B616-73DBF97C2C89}.Release|ARM64.Build.0 = Release|Any CPU
		{282BCF8C-D8F3-4149-B616-73DBF97C2C89}.Release|x86.ActiveCfg = Release|Any CPU
		{282BCF8C-D8F3-4149-B616-73DBF97C2C89}.Release|x86.Build.0 = Release|Any CPU
		{ABDEB17B-E8BC-4087-A599-405815DBD1D9}.Debug|Any CPU.ActiveCfg = Debug|Any CPU
		{ABDEB17B-E8BC-4087-A599-405815DBD1D9}.Debug|Any CPU.Build.0 = Debug|Any CPU
		{ABDEB17B-E8BC-4087-A599-405815DBD1D9}.Debug|ARM64.ActiveCfg = Debug|Any CPU
		{ABDEB17B-E8BC-4087-A599-405815DBD1D9}.Debug|ARM64.Build.0 = Debug|Any CPU
		{ABDEB17B-E8BC-4087-A599-405815DBD1D9}.Debug|x86.ActiveCfg = Debug|Any CPU
		{ABDEB17B-E8BC-4087-A599-405815DBD1D9}.Debug|x86.Build.0 = Debug|Any CPU
		{ABDEB17B-E8BC-4087-A599-405815DBD1D9}.detest|Any CPU.ActiveCfg = Debug|Any CPU
		{ABDEB17B-E8BC-4087-A599-405815DBD1D9}.detest|Any CPU.Build.0 = Debug|Any CPU
		{ABDEB17B-E8BC-4087-A599-405815DBD1D9}.detest|ARM64.ActiveCfg = Debug|Any CPU
		{ABDEB17B-E8BC-4087-A599-405815DBD1D9}.detest|ARM64.Build.0 = Debug|Any CPU
		{ABDEB17B-E8BC-4087-A599-405815DBD1D9}.detest|x86.ActiveCfg = Debug|Any CPU
		{ABDEB17B-E8BC-4087-A599-405815DBD1D9}.detest|x86.Build.0 = Debug|Any CPU
		{ABDEB17B-E8BC-4087-A599-405815DBD1D9}.Release|Any CPU.ActiveCfg = Release|Any CPU
		{ABDEB17B-E8BC-4087-A599-405815DBD1D9}.Release|Any CPU.Build.0 = Release|Any CPU
		{ABDEB17B-E8BC-4087-A599-405815DBD1D9}.Release|ARM64.ActiveCfg = Release|Any CPU
		{ABDEB17B-E8BC-4087-A599-405815DBD1D9}.Release|ARM64.Build.0 = Release|Any CPU
		{ABDEB17B-E8BC-4087-A599-405815DBD1D9}.Release|x86.ActiveCfg = Release|Any CPU
		{ABDEB17B-E8BC-4087-A599-405815DBD1D9}.Release|x86.Build.0 = Release|Any CPU
		{E4DE1433-7041-4DCC-B34B-994619415D9E}.Debug|Any CPU.ActiveCfg = Debug|Any CPU
		{E4DE1433-7041-4DCC-B34B-994619415D9E}.Debug|Any CPU.Build.0 = Debug|Any CPU
		{E4DE1433-7041-4DCC-B34B-994619415D9E}.Debug|ARM64.ActiveCfg = Debug|Any CPU
		{E4DE1433-7041-4DCC-B34B-994619415D9E}.Debug|ARM64.Build.0 = Debug|Any CPU
		{E4DE1433-7041-4DCC-B34B-994619415D9E}.Debug|x86.ActiveCfg = Debug|Any CPU
		{E4DE1433-7041-4DCC-B34B-994619415D9E}.Debug|x86.Build.0 = Debug|Any CPU
		{E4DE1433-7041-4DCC-B34B-994619415D9E}.detest|Any CPU.ActiveCfg = Debug|Any CPU
		{E4DE1433-7041-4DCC-B34B-994619415D9E}.detest|Any CPU.Build.0 = Debug|Any CPU
		{E4DE1433-7041-4DCC-B34B-994619415D9E}.detest|ARM64.ActiveCfg = Debug|Any CPU
		{E4DE1433-7041-4DCC-B34B-994619415D9E}.detest|ARM64.Build.0 = Debug|Any CPU
		{E4DE1433-7041-4DCC-B34B-994619415D9E}.detest|x86.ActiveCfg = Debug|Any CPU
		{E4DE1433-7041-4DCC-B34B-994619415D9E}.detest|x86.Build.0 = Debug|Any CPU
		{E4DE1433-7041-4DCC-B34B-994619415D9E}.Release|Any CPU.ActiveCfg = Release|Any CPU
		{E4DE1433-7041-4DCC-B34B-994619415D9E}.Release|Any CPU.Build.0 = Release|Any CPU
		{E4DE1433-7041-4DCC-B34B-994619415D9E}.Release|ARM64.ActiveCfg = Release|Any CPU
		{E4DE1433-7041-4DCC-B34B-994619415D9E}.Release|ARM64.Build.0 = Release|Any CPU
		{E4DE1433-7041-4DCC-B34B-994619415D9E}.Release|x86.ActiveCfg = Release|Any CPU
		{E4DE1433-7041-4DCC-B34B-994619415D9E}.Release|x86.Build.0 = Release|Any CPU
		{9FF6D841-5309-468E-B5CC-FD469ECDC477}.Debug|Any CPU.ActiveCfg = Debug|Any CPU
		{9FF6D841-5309-468E-B5CC-FD469ECDC477}.Debug|Any CPU.Build.0 = Debug|Any CPU
		{9FF6D841-5309-468E-B5CC-FD469ECDC477}.Debug|ARM64.ActiveCfg = Debug|Any CPU
		{9FF6D841-5309-468E-B5CC-FD469ECDC477}.Debug|ARM64.Build.0 = Debug|Any CPU
		{9FF6D841-5309-468E-B5CC-FD469ECDC477}.Debug|x86.ActiveCfg = Debug|Any CPU
		{9FF6D841-5309-468E-B5CC-FD469ECDC477}.Debug|x86.Build.0 = Debug|Any CPU
		{9FF6D841-5309-468E-B5CC-FD469ECDC477}.detest|Any CPU.ActiveCfg = Debug|Any CPU
		{9FF6D841-5309-468E-B5CC-FD469ECDC477}.detest|Any CPU.Build.0 = Debug|Any CPU
		{9FF6D841-5309-468E-B5CC-FD469ECDC477}.detest|ARM64.ActiveCfg = Debug|Any CPU
		{9FF6D841-5309-468E-B5CC-FD469ECDC477}.detest|ARM64.Build.0 = Debug|Any CPU
		{9FF6D841-5309-468E-B5CC-FD469ECDC477}.detest|x86.ActiveCfg = Debug|Any CPU
		{9FF6D841-5309-468E-B5CC-FD469ECDC477}.detest|x86.Build.0 = Debug|Any CPU
		{9FF6D841-5309-468E-B5CC-FD469ECDC477}.Release|Any CPU.ActiveCfg = Release|Any CPU
		{9FF6D841-5309-468E-B5CC-FD469ECDC477}.Release|Any CPU.Build.0 = Release|Any CPU
		{9FF6D841-5309-468E-B5CC-FD469ECDC477}.Release|ARM64.ActiveCfg = Release|Any CPU
		{9FF6D841-5309-468E-B5CC-FD469ECDC477}.Release|ARM64.Build.0 = Release|Any CPU
		{9FF6D841-5309-468E-B5CC-FD469ECDC477}.Release|x86.ActiveCfg = Release|Any CPU
		{9FF6D841-5309-468E-B5CC-FD469ECDC477}.Release|x86.Build.0 = Release|Any CPU
	EndGlobalSection
	GlobalSection(SolutionProperties) = preSolution
		HideSolutionNode = FALSE
	EndGlobalSection
	GlobalSection(NestedProjects) = preSolution
		{75DC9D72-2351-481D-A7B9-71E55D5B87A7} = {A6B82022-97EF-4780-B43B-DF156F75973E}
		{664BCE72-A916-4DDC-AA96-D85732143CC3} = {A6B82022-97EF-4780-B43B-DF156F75973E}
		{A6B82022-97EF-4780-B43B-DF156F75973E} = {D4A649C8-2282-41EC-AF77-2225693B1084}
		{30597FD4-D276-4439-887C-87692B58A23E} = {D4A649C8-2282-41EC-AF77-2225693B1084}
		{92E6B730-C394-4735-AABA-8A9F1607BEEF} = {FF051AA3-046B-4680-8EB9-4FFFCE6F4573}
		{477046A5-A957-41D2-ABA6-5931B87EE9E4} = {30597FD4-D276-4439-887C-87692B58A23E}
		{282BCF8C-D8F3-4149-B616-73DBF97C2C89} = {30597FD4-D276-4439-887C-87692B58A23E}
		{ABDEB17B-E8BC-4087-A599-405815DBD1D9} = {30597FD4-D276-4439-887C-87692B58A23E}
		{E4DE1433-7041-4DCC-B34B-994619415D9E} = {FF051AA3-046B-4680-8EB9-4FFFCE6F4573}
		{9FF6D841-5309-468E-B5CC-FD469ECDC477} = {D4A649C8-2282-41EC-AF77-2225693B1084}
	EndGlobalSection
	GlobalSection(ExtensibilityGlobals) = postSolution
		SolutionGuid = {B7528A0D-D85A-40F2-ABE5-FABA1611F3DF}
	EndGlobalSection
EndGlobal
